// !$*UTF8*$!
{
	archiveVersion = 1;
	classes = {
	};
	objectVersion = 56;
	objects = {

/* Begin PBXBuildFile section */
		7506D38C2991B0EC0090928E /* SongTileView.swift in Sources */ = {isa = PBXBuildFile; fileRef = 7506D38B2991B0EC0090928E /* SongTileView.swift */; };
		75127C7E298CCA6500F0FA0A /* MiniMixApp.swift in Sources */ = {isa = PBXBuildFile; fileRef = 75127C7D298CCA6500F0FA0A /* MiniMixApp.swift */; };
		75127C80298CCA6500F0FA0A /* WelcomeView.swift in Sources */ = {isa = PBXBuildFile; fileRef = 75127C7F298CCA6500F0FA0A /* WelcomeView.swift */; };
		75127C82298CCA6600F0FA0A /* Assets.xcassets in Resources */ = {isa = PBXBuildFile; fileRef = 75127C81298CCA6600F0FA0A /* Assets.xcassets */; };
		75127C85298CCA6600F0FA0A /* Preview Assets.xcassets in Resources */ = {isa = PBXBuildFile; fileRef = 75127C84298CCA6600F0FA0A /* Preview Assets.xcassets */; };
		75127C8F298CCA6600F0FA0A /* MiniMixTests.swift in Sources */ = {isa = PBXBuildFile; fileRef = 75127C8E298CCA6600F0FA0A /* MiniMixTests.swift */; };
		75127C99298CCA6600F0FA0A /* MiniMixUITests.swift in Sources */ = {isa = PBXBuildFile; fileRef = 75127C98298CCA6600F0FA0A /* MiniMixUITests.swift */; };
		75127C9B298CCA6600F0FA0A /* MiniMixUITestsLaunchTests.swift in Sources */ = {isa = PBXBuildFile; fileRef = 75127C9A298CCA6600F0FA0A /* MiniMixUITestsLaunchTests.swift */; };
		75498162298EDC8500603931 /* ListenView.swift in Sources */ = {isa = PBXBuildFile; fileRef = 75498161298EDC8500603931 /* ListenView.swift */; };
		75498168298EF98C00603931 /* ShazamKitHelper.swift in Sources */ = {isa = PBXBuildFile; fileRef = 75498167298EF98C00603931 /* ShazamKitHelper.swift */; };
		7549816E298F514200603931 /* HistoryView.swift in Sources */ = {isa = PBXBuildFile; fileRef = 7549816D298F514200603931 /* HistoryView.swift */; };
		75498170298F530400603931 /* RootView.swift in Sources */ = {isa = PBXBuildFile; fileRef = 7549816F298F530400603931 /* RootView.swift */; };
		756B907F29917D670089D066 /* User.swift in Sources */ = {isa = PBXBuildFile; fileRef = 756B907E29917D670089D066 /* User.swift */; };
		756B9081299194CA0089D066 /* BinarySong.swift in Sources */ = {isa = PBXBuildFile; fileRef = 756B9080299194CA0089D066 /* BinarySong.swift */; };
		758FEC4929902CCD00E288F2 /* SongView.swift in Sources */ = {isa = PBXBuildFile; fileRef = 758FEC4829902CCD00E288F2 /* SongView.swift */; };
		758FEC5029905BA500E288F2 /* SongSizingView.swift in Sources */ = {isa = PBXBuildFile; fileRef = 758FEC4F29905BA500E288F2 /* SongSizingView.swift */; };
		758FEC522990708400E288F2 /* TrackDataView.swift in Sources */ = {isa = PBXBuildFile; fileRef = 758FEC512990708400E288F2 /* TrackDataView.swift */; };
		75BF63D8298DA4D200B7C668 /* Colors.swift in Sources */ = {isa = PBXBuildFile; fileRef = 75BF63D7298DA4D200B7C668 /* Colors.swift */; };
		75BF63DA298DA90B00B7C668 /* Styles.swift in Sources */ = {isa = PBXBuildFile; fileRef = 75BF63D9298DA90B00B7C668 /* Styles.swift */; };
		75BF63DC298DAE3A00B7C668 /* Fonts.swift in Sources */ = {isa = PBXBuildFile; fileRef = 75BF63DB298DAE3A00B7C668 /* Fonts.swift */; };
		75BF63EA298DB84800B7C668 /* Poppins-ExtraBold.ttf in Resources */ = {isa = PBXBuildFile; fileRef = 75BF63E1298DB84800B7C668 /* Poppins-ExtraBold.ttf */; };
		75BF63EB298DB84800B7C668 /* Poppins-Medium.ttf in Resources */ = {isa = PBXBuildFile; fileRef = 75BF63E2298DB84800B7C668 /* Poppins-Medium.ttf */; };
		75BF63EC298DB84800B7C668 /* Poppins-SemiBold.ttf in Resources */ = {isa = PBXBuildFile; fileRef = 75BF63E3298DB84800B7C668 /* Poppins-SemiBold.ttf */; };
		75BF63ED298DB84800B7C668 /* Poppins-ExtraLight.ttf in Resources */ = {isa = PBXBuildFile; fileRef = 75BF63E4298DB84800B7C668 /* Poppins-ExtraLight.ttf */; };
		75BF63EE298DB84800B7C668 /* Poppins-Regular.ttf in Resources */ = {isa = PBXBuildFile; fileRef = 75BF63E5298DB84800B7C668 /* Poppins-Regular.ttf */; };
		75BF63EF298DB84800B7C668 /* Poppins-Bold.ttf in Resources */ = {isa = PBXBuildFile; fileRef = 75BF63E6298DB84800B7C668 /* Poppins-Bold.ttf */; };
		75BF63F0298DB84800B7C668 /* Poppins-Light.ttf in Resources */ = {isa = PBXBuildFile; fileRef = 75BF63E7298DB84800B7C668 /* Poppins-Light.ttf */; };
		75BF63F1298DB84800B7C668 /* Poppins-Italic.ttf in Resources */ = {isa = PBXBuildFile; fileRef = 75BF63E8298DB84800B7C668 /* Poppins-Italic.ttf */; };
		75BF63F2298DB84800B7C668 /* Poppins-Thin.ttf in Resources */ = {isa = PBXBuildFile; fileRef = 75BF63E9298DB84800B7C668 /* Poppins-Thin.ttf */; };
/* End PBXBuildFile section */

/* Begin PBXContainerItemProxy section */
		75127C8B298CCA6600F0FA0A /* PBXContainerItemProxy */ = {
			isa = PBXContainerItemProxy;
			containerPortal = 75127C72298CCA6500F0FA0A /* Project object */;
			proxyType = 1;
			remoteGlobalIDString = 75127C79298CCA6500F0FA0A;
			remoteInfo = MiniMix;
		};
		75127C95298CCA6600F0FA0A /* PBXContainerItemProxy */ = {
			isa = PBXContainerItemProxy;
			containerPortal = 75127C72298CCA6500F0FA0A /* Project object */;
			proxyType = 1;
			remoteGlobalIDString = 75127C79298CCA6500F0FA0A;
			remoteInfo = MiniMix;
		};
/* End PBXContainerItemProxy section */

/* Begin PBXFileReference section */
		7506D38B2991B0EC0090928E /* SongTileView.swift */ = {isa = PBXFileReference; lastKnownFileType = sourcecode.swift; path = SongTileView.swift; sourceTree = "<group>"; };
		75127C7A298CCA6500F0FA0A /* MiniMix.app */ = {isa = PBXFileReference; explicitFileType = wrapper.application; includeInIndex = 0; path = MiniMix.app; sourceTree = BUILT_PRODUCTS_DIR; };
		75127C7D298CCA6500F0FA0A /* MiniMixApp.swift */ = {isa = PBXFileReference; lastKnownFileType = sourcecode.swift; path = MiniMixApp.swift; sourceTree = "<group>"; };
		75127C7F298CCA6500F0FA0A /* WelcomeView.swift */ = {isa = PBXFileReference; lastKnownFileType = sourcecode.swift; path = WelcomeView.swift; sourceTree = "<group>"; };
		75127C81298CCA6600F0FA0A /* Assets.xcassets */ = {isa = PBXFileReference; lastKnownFileType = folder.assetcatalog; path = Assets.xcassets; sourceTree = "<group>"; };
		75127C84298CCA6600F0FA0A /* Preview Assets.xcassets */ = {isa = PBXFileReference; lastKnownFileType = folder.assetcatalog; path = "Preview Assets.xcassets"; sourceTree = "<group>"; };
		75127C8A298CCA6600F0FA0A /* MiniMixTests.xctest */ = {isa = PBXFileReference; explicitFileType = wrapper.cfbundle; includeInIndex = 0; path = MiniMixTests.xctest; sourceTree = BUILT_PRODUCTS_DIR; };
		75127C8E298CCA6600F0FA0A /* MiniMixTests.swift */ = {isa = PBXFileReference; lastKnownFileType = sourcecode.swift; path = MiniMixTests.swift; sourceTree = "<group>"; };
		75127C94298CCA6600F0FA0A /* MiniMixUITests.xctest */ = {isa = PBXFileReference; explicitFileType = wrapper.cfbundle; includeInIndex = 0; path = MiniMixUITests.xctest; sourceTree = BUILT_PRODUCTS_DIR; };
		75127C98298CCA6600F0FA0A /* MiniMixUITests.swift */ = {isa = PBXFileReference; lastKnownFileType = sourcecode.swift; path = MiniMixUITests.swift; sourceTree = "<group>"; };
		75127C9A298CCA6600F0FA0A /* MiniMixUITestsLaunchTests.swift */ = {isa = PBXFileReference; lastKnownFileType = sourcecode.swift; path = MiniMixUITestsLaunchTests.swift; sourceTree = "<group>"; };
		75498161298EDC8500603931 /* ListenView.swift */ = {isa = PBXFileReference; lastKnownFileType = sourcecode.swift; path = ListenView.swift; sourceTree = "<group>"; };
		75498167298EF98C00603931 /* ShazamKitHelper.swift */ = {isa = PBXFileReference; lastKnownFileType = sourcecode.swift; path = ShazamKitHelper.swift; sourceTree = "<group>"; };
		7549816D298F514200603931 /* HistoryView.swift */ = {isa = PBXFileReference; lastKnownFileType = sourcecode.swift; path = HistoryView.swift; sourceTree = "<group>"; };
		7549816F298F530400603931 /* RootView.swift */ = {isa = PBXFileReference; lastKnownFileType = sourcecode.swift; path = RootView.swift; sourceTree = "<group>"; };
		756B907E29917D670089D066 /* User.swift */ = {isa = PBXFileReference; lastKnownFileType = sourcecode.swift; path = User.swift; sourceTree = "<group>"; };
		756B9080299194CA0089D066 /* BinarySong.swift */ = {isa = PBXFileReference; lastKnownFileType = sourcecode.swift; path = BinarySong.swift; sourceTree = "<group>"; };
		758FEC4829902CCD00E288F2 /* SongView.swift */ = {isa = PBXFileReference; lastKnownFileType = sourcecode.swift; path = SongView.swift; sourceTree = "<group>"; };
		758FEC4F29905BA500E288F2 /* SongSizingView.swift */ = {isa = PBXFileReference; lastKnownFileType = sourcecode.swift; path = SongSizingView.swift; sourceTree = "<group>"; };
		758FEC512990708400E288F2 /* TrackDataView.swift */ = {isa = PBXFileReference; lastKnownFileType = sourcecode.swift; path = TrackDataView.swift; sourceTree = "<group>"; };
		75BF63D7298DA4D200B7C668 /* Colors.swift */ = {isa = PBXFileReference; lastKnownFileType = sourcecode.swift; path = Colors.swift; sourceTree = "<group>"; };
		75BF63D9298DA90B00B7C668 /* Styles.swift */ = {isa = PBXFileReference; lastKnownFileType = sourcecode.swift; path = Styles.swift; sourceTree = "<group>"; };
		75BF63DB298DAE3A00B7C668 /* Fonts.swift */ = {isa = PBXFileReference; lastKnownFileType = sourcecode.swift; path = Fonts.swift; sourceTree = "<group>"; };
		75BF63DD298DB0C500B7C668 /* Info.plist */ = {isa = PBXFileReference; lastKnownFileType = text.plist; path = Info.plist; sourceTree = "<group>"; };
		75BF63E1298DB84800B7C668 /* Poppins-ExtraBold.ttf */ = {isa = PBXFileReference; lastKnownFileType = file; path = "Poppins-ExtraBold.ttf"; sourceTree = "<group>"; };
		75BF63E2298DB84800B7C668 /* Poppins-Medium.ttf */ = {isa = PBXFileReference; lastKnownFileType = file; path = "Poppins-Medium.ttf"; sourceTree = "<group>"; };
		75BF63E3298DB84800B7C668 /* Poppins-SemiBold.ttf */ = {isa = PBXFileReference; lastKnownFileType = file; path = "Poppins-SemiBold.ttf"; sourceTree = "<group>"; };
		75BF63E4298DB84800B7C668 /* Poppins-ExtraLight.ttf */ = {isa = PBXFileReference; lastKnownFileType = file; path = "Poppins-ExtraLight.ttf"; sourceTree = "<group>"; };
		75BF63E5298DB84800B7C668 /* Poppins-Regular.ttf */ = {isa = PBXFileReference; lastKnownFileType = file; path = "Poppins-Regular.ttf"; sourceTree = "<group>"; };
		75BF63E6298DB84800B7C668 /* Poppins-Bold.ttf */ = {isa = PBXFileReference; lastKnownFileType = file; path = "Poppins-Bold.ttf"; sourceTree = "<group>"; };
		75BF63E7298DB84800B7C668 /* Poppins-Light.ttf */ = {isa = PBXFileReference; lastKnownFileType = file; path = "Poppins-Light.ttf"; sourceTree = "<group>"; };
		75BF63E8298DB84800B7C668 /* Poppins-Italic.ttf */ = {isa = PBXFileReference; lastKnownFileType = file; path = "Poppins-Italic.ttf"; sourceTree = "<group>"; };
		75BF63E9298DB84800B7C668 /* Poppins-Thin.ttf */ = {isa = PBXFileReference; lastKnownFileType = file; path = "Poppins-Thin.ttf"; sourceTree = "<group>"; };
/* End PBXFileReference section */

/* Begin PBXFrameworksBuildPhase section */
		75127C77298CCA6500F0FA0A /* Frameworks */ = {
			isa = PBXFrameworksBuildPhase;
			buildActionMask = 2147483647;
			files = (
			);
			runOnlyForDeploymentPostprocessing = 0;
		};
		75127C87298CCA6600F0FA0A /* Frameworks */ = {
			isa = PBXFrameworksBuildPhase;
			buildActionMask = 2147483647;
			files = (
			);
			runOnlyForDeploymentPostprocessing = 0;
		};
		75127C91298CCA6600F0FA0A /* Frameworks */ = {
			isa = PBXFrameworksBuildPhase;
			buildActionMask = 2147483647;
			files = (
			);
			runOnlyForDeploymentPostprocessing = 0;
		};
/* End PBXFrameworksBuildPhase section */

/* Begin PBXGroup section */
		7506D38D2991B0EF0090928E /* History */ = {
			isa = PBXGroup;
			children = (
				7506D38B2991B0EC0090928E /* SongTileView.swift */,
				7549816D298F514200603931 /* HistoryView.swift */,
			);
			path = History;
			sourceTree = "<group>";
		};
		75127C71298CCA6500F0FA0A = {
			isa = PBXGroup;
			children = (
				75127C7C298CCA6500F0FA0A /* MiniMix */,
				75127C8D298CCA6600F0FA0A /* MiniMixTests */,
				75127C97298CCA6600F0FA0A /* MiniMixUITests */,
				75127C7B298CCA6500F0FA0A /* Products */,
			);
			sourceTree = "<group>";
		};
		75127C7B298CCA6500F0FA0A /* Products */ = {
			isa = PBXGroup;
			children = (
				75127C7A298CCA6500F0FA0A /* MiniMix.app */,
				75127C8A298CCA6600F0FA0A /* MiniMixTests.xctest */,
				75127C94298CCA6600F0FA0A /* MiniMixUITests.xctest */,
			);
			name = Products;
			sourceTree = "<group>";
		};
		75127C7C298CCA6500F0FA0A /* MiniMix */ = {
			isa = PBXGroup;
			children = (
				75127C7D298CCA6500F0FA0A /* MiniMixApp.swift */,
				75BF63DD298DB0C500B7C668 /* Info.plist */,
				75BF63D6298DA4B000B7C668 /* Model */,
				75BF63D3298DA01400B7C668 /* View */,
				75127C81298CCA6600F0FA0A /* Assets.xcassets */,
				75BF63E0298DB83100B7C668 /* Assets */,
				75127C83298CCA6600F0FA0A /* Preview Content */,
			);
			path = MiniMix;
			sourceTree = "<group>";
		};
		75127C83298CCA6600F0FA0A /* Preview Content */ = {
			isa = PBXGroup;
			children = (
				75127C84298CCA6600F0FA0A /* Preview Assets.xcassets */,
			);
			path = "Preview Content";
			sourceTree = "<group>";
		};
		75127C8D298CCA6600F0FA0A /* MiniMixTests */ = {
			isa = PBXGroup;
			children = (
				75127C8E298CCA6600F0FA0A /* MiniMixTests.swift */,
			);
			path = MiniMixTests;
			sourceTree = "<group>";
		};
		75127C97298CCA6600F0FA0A /* MiniMixUITests */ = {
			isa = PBXGroup;
			children = (
				75127C98298CCA6600F0FA0A /* MiniMixUITests.swift */,
				75127C9A298CCA6600F0FA0A /* MiniMixUITestsLaunchTests.swift */,
			);
			path = MiniMixUITests;
			sourceTree = "<group>";
		};
		758FEC4C29902DFD00E288F2 /* StickySongView */ = {
			isa = PBXGroup;
			children = (
				758FEC4829902CCD00E288F2 /* SongView.swift */,
				758FEC4F29905BA500E288F2 /* SongSizingView.swift */,
				758FEC512990708400E288F2 /* TrackDataView.swift */,
			);
			path = StickySongView;
			sourceTree = "<group>";
		};
		75BF63D3298DA01400B7C668 /* View */ = {
			isa = PBXGroup;
			children = (
				7549816F298F530400603931 /* RootView.swift */,
				75127C7F298CCA6500F0FA0A /* WelcomeView.swift */,
				75498161298EDC8500603931 /* ListenView.swift */,
				7506D38D2991B0EF0090928E /* History */,
				758FEC4C29902DFD00E288F2 /* StickySongView */,
			);
			path = View;
			sourceTree = "<group>";
		};
		75BF63D6298DA4B000B7C668 /* Model */ = {
			isa = PBXGroup;
			children = (
				75BF63D7298DA4D200B7C668 /* Colors.swift */,
				75BF63D9298DA90B00B7C668 /* Styles.swift */,
				75BF63DB298DAE3A00B7C668 /* Fonts.swift */,
				75498167298EF98C00603931 /* ShazamKitHelper.swift */,
				756B907E29917D670089D066 /* User.swift */,
				756B9080299194CA0089D066 /* BinarySong.swift */,
			);
			path = Model;
			sourceTree = "<group>";
		};
		75BF63E0298DB83100B7C668 /* Assets */ = {
			isa = PBXGroup;
			children = (
				75BF63E6298DB84800B7C668 /* Poppins-Bold.ttf */,
				75BF63E1298DB84800B7C668 /* Poppins-ExtraBold.ttf */,
				75BF63E4298DB84800B7C668 /* Poppins-ExtraLight.ttf */,
				75BF63E8298DB84800B7C668 /* Poppins-Italic.ttf */,
				75BF63E7298DB84800B7C668 /* Poppins-Light.ttf */,
				75BF63E2298DB84800B7C668 /* Poppins-Medium.ttf */,
				75BF63E5298DB84800B7C668 /* Poppins-Regular.ttf */,
				75BF63E3298DB84800B7C668 /* Poppins-SemiBold.ttf */,
				75BF63E9298DB84800B7C668 /* Poppins-Thin.ttf */,
			);
			path = Assets;
			sourceTree = "<group>";
		};
/* End PBXGroup section */

/* Begin PBXNativeTarget section */
		75127C79298CCA6500F0FA0A /* MiniMix */ = {
			isa = PBXNativeTarget;
			buildConfigurationList = 75127C9E298CCA6600F0FA0A /* Build configuration list for PBXNativeTarget "MiniMix" */;
			buildPhases = (
				75127C76298CCA6500F0FA0A /* Sources */,
				75127C77298CCA6500F0FA0A /* Frameworks */,
				75127C78298CCA6500F0FA0A /* Resources */,
			);
			buildRules = (
			);
			dependencies = (
			);
			name = MiniMix;
			productName = MiniMix;
			productReference = 75127C7A298CCA6500F0FA0A /* MiniMix.app */;
			productType = "com.apple.product-type.application";
		};
		75127C89298CCA6600F0FA0A /* MiniMixTests */ = {
			isa = PBXNativeTarget;
			buildConfigurationList = 75127CA1298CCA6600F0FA0A /* Build configuration list for PBXNativeTarget "MiniMixTests" */;
			buildPhases = (
				75127C86298CCA6600F0FA0A /* Sources */,
				75127C87298CCA6600F0FA0A /* Frameworks */,
				75127C88298CCA6600F0FA0A /* Resources */,
			);
			buildRules = (
			);
			dependencies = (
				75127C8C298CCA6600F0FA0A /* PBXTargetDependency */,
			);
			name = MiniMixTests;
			productName = MiniMixTests;
			productReference = 75127C8A298CCA6600F0FA0A /* MiniMixTests.xctest */;
			productType = "com.apple.product-type.bundle.unit-test";
		};
		75127C93298CCA6600F0FA0A /* MiniMixUITests */ = {
			isa = PBXNativeTarget;
			buildConfigurationList = 75127CA4298CCA6600F0FA0A /* Build configuration list for PBXNativeTarget "MiniMixUITests" */;
			buildPhases = (
				75127C90298CCA6600F0FA0A /* Sources */,
				75127C91298CCA6600F0FA0A /* Frameworks */,
				75127C92298CCA6600F0FA0A /* Resources */,
			);
			buildRules = (
			);
			dependencies = (
				75127C96298CCA6600F0FA0A /* PBXTargetDependency */,
			);
			name = MiniMixUITests;
			productName = MiniMixUITests;
			productReference = 75127C94298CCA6600F0FA0A /* MiniMixUITests.xctest */;
			productType = "com.apple.product-type.bundle.ui-testing";
		};
/* End PBXNativeTarget section */

/* Begin PBXProject section */
		75127C72298CCA6500F0FA0A /* Project object */ = {
			isa = PBXProject;
			attributes = {
				BuildIndependentTargetsInParallel = 1;
				LastSwiftUpdateCheck = 1420;
				LastUpgradeCheck = 1420;
				TargetAttributes = {
					75127C79298CCA6500F0FA0A = {
						CreatedOnToolsVersion = 14.2;
					};
					75127C89298CCA6600F0FA0A = {
						CreatedOnToolsVersion = 14.2;
						TestTargetID = 75127C79298CCA6500F0FA0A;
					};
					75127C93298CCA6600F0FA0A = {
						CreatedOnToolsVersion = 14.2;
						TestTargetID = 75127C79298CCA6500F0FA0A;
					};
				};
			};
			buildConfigurationList = 75127C75298CCA6500F0FA0A /* Build configuration list for PBXProject "MiniMix" */;
			compatibilityVersion = "Xcode 14.0";
			developmentRegion = en;
			hasScannedForEncodings = 0;
			knownRegions = (
				en,
				Base,
			);
			mainGroup = 75127C71298CCA6500F0FA0A;
			productRefGroup = 75127C7B298CCA6500F0FA0A /* Products */;
			projectDirPath = "";
			projectRoot = "";
			targets = (
				75127C79298CCA6500F0FA0A /* MiniMix */,
				75127C89298CCA6600F0FA0A /* MiniMixTests */,
				75127C93298CCA6600F0FA0A /* MiniMixUITests */,
			);
		};
/* End PBXProject section */

/* Begin PBXResourcesBuildPhase section */
		75127C78298CCA6500F0FA0A /* Resources */ = {
			isa = PBXResourcesBuildPhase;
			buildActionMask = 2147483647;
			files = (
				75BF63ED298DB84800B7C668 /* Poppins-ExtraLight.ttf in Resources */,
				75BF63F0298DB84800B7C668 /* Poppins-Light.ttf in Resources */,
				75BF63EC298DB84800B7C668 /* Poppins-SemiBold.ttf in Resources */,
				75BF63EE298DB84800B7C668 /* Poppins-Regular.ttf in Resources */,
				75BF63EF298DB84800B7C668 /* Poppins-Bold.ttf in Resources */,
				75127C85298CCA6600F0FA0A /* Preview Assets.xcassets in Resources */,
				75BF63EB298DB84800B7C668 /* Poppins-Medium.ttf in Resources */,
				75BF63EA298DB84800B7C668 /* Poppins-ExtraBold.ttf in Resources */,
				75BF63F1298DB84800B7C668 /* Poppins-Italic.ttf in Resources */,
				75BF63F2298DB84800B7C668 /* Poppins-Thin.ttf in Resources */,
				75127C82298CCA6600F0FA0A /* Assets.xcassets in Resources */,
			);
			runOnlyForDeploymentPostprocessing = 0;
		};
		75127C88298CCA6600F0FA0A /* Resources */ = {
			isa = PBXResourcesBuildPhase;
			buildActionMask = 2147483647;
			files = (
			);
			runOnlyForDeploymentPostprocessing = 0;
		};
		75127C92298CCA6600F0FA0A /* Resources */ = {
			isa = PBXResourcesBuildPhase;
			buildActionMask = 2147483647;
			files = (
			);
			runOnlyForDeploymentPostprocessing = 0;
		};
/* End PBXResourcesBuildPhase section */

/* Begin PBXSourcesBuildPhase section */
		75127C76298CCA6500F0FA0A /* Sources */ = {
			isa = PBXSourcesBuildPhase;
			buildActionMask = 2147483647;
			files = (
				756B907F29917D670089D066 /* User.swift in Sources */,
				758FEC522990708400E288F2 /* TrackDataView.swift in Sources */,
				75127C80298CCA6500F0FA0A /* WelcomeView.swift in Sources */,
				758FEC5029905BA500E288F2 /* SongSizingView.swift in Sources */,
				75498162298EDC8500603931 /* ListenView.swift in Sources */,
				75BF63DC298DAE3A00B7C668 /* Fonts.swift in Sources */,
				758FEC4929902CCD00E288F2 /* SongView.swift in Sources */,
				75127C7E298CCA6500F0FA0A /* MiniMixApp.swift in Sources */,
				75BF63DA298DA90B00B7C668 /* Styles.swift in Sources */,
				756B9081299194CA0089D066 /* BinarySong.swift in Sources */,
				7506D38C2991B0EC0090928E /* SongTileView.swift in Sources */,
				7549816E298F514200603931 /* HistoryView.swift in Sources */,
				75498168298EF98C00603931 /* ShazamKitHelper.swift in Sources */,
				75BF63D8298DA4D200B7C668 /* Colors.swift in Sources */,
				75498170298F530400603931 /* RootView.swift in Sources */,
			);
			runOnlyForDeploymentPostprocessing = 0;
		};
		75127C86298CCA6600F0FA0A /* Sources */ = {
			isa = PBXSourcesBuildPhase;
			buildActionMask = 2147483647;
			files = (
				75127C8F298CCA6600F0FA0A /* MiniMixTests.swift in Sources */,
			);
			runOnlyForDeploymentPostprocessing = 0;
		};
		75127C90298CCA6600F0FA0A /* Sources */ = {
			isa = PBXSourcesBuildPhase;
			buildActionMask = 2147483647;
			files = (
				75127C9B298CCA6600F0FA0A /* MiniMixUITestsLaunchTests.swift in Sources */,
				75127C99298CCA6600F0FA0A /* MiniMixUITests.swift in Sources */,
			);
			runOnlyForDeploymentPostprocessing = 0;
		};
/* End PBXSourcesBuildPhase section */

/* Begin PBXTargetDependency section */
		75127C8C298CCA6600F0FA0A /* PBXTargetDependency */ = {
			isa = PBXTargetDependency;
			target = 75127C79298CCA6500F0FA0A /* MiniMix */;
			targetProxy = 75127C8B298CCA6600F0FA0A /* PBXContainerItemProxy */;
		};
		75127C96298CCA6600F0FA0A /* PBXTargetDependency */ = {
			isa = PBXTargetDependency;
			target = 75127C79298CCA6500F0FA0A /* MiniMix */;
			targetProxy = 75127C95298CCA6600F0FA0A /* PBXContainerItemProxy */;
		};
/* End PBXTargetDependency section */

/* Begin XCBuildConfiguration section */
		75127C9C298CCA6600F0FA0A /* Debug */ = {
			isa = XCBuildConfiguration;
			buildSettings = {
				ALWAYS_SEARCH_USER_PATHS = NO;
				CLANG_ANALYZER_NONNULL = YES;
				CLANG_ANALYZER_NUMBER_OBJECT_CONVERSION = YES_AGGRESSIVE;
				CLANG_CXX_LANGUAGE_STANDARD = "gnu++20";
				CLANG_ENABLE_MODULES = YES;
				CLANG_ENABLE_OBJC_ARC = YES;
				CLANG_ENABLE_OBJC_WEAK = YES;
				CLANG_WARN_BLOCK_CAPTURE_AUTORELEASING = YES;
				CLANG_WARN_BOOL_CONVERSION = YES;
				CLANG_WARN_COMMA = YES;
				CLANG_WARN_CONSTANT_CONVERSION = YES;
				CLANG_WARN_DEPRECATED_OBJC_IMPLEMENTATIONS = YES;
				CLANG_WARN_DIRECT_OBJC_ISA_USAGE = YES_ERROR;
				CLANG_WARN_DOCUMENTATION_COMMENTS = YES;
				CLANG_WARN_EMPTY_BODY = YES;
				CLANG_WARN_ENUM_CONVERSION = YES;
				CLANG_WARN_INFINITE_RECURSION = YES;
				CLANG_WARN_INT_CONVERSION = YES;
				CLANG_WARN_NON_LITERAL_NULL_CONVERSION = YES;
				CLANG_WARN_OBJC_IMPLICIT_RETAIN_SELF = YES;
				CLANG_WARN_OBJC_LITERAL_CONVERSION = YES;
				CLANG_WARN_OBJC_ROOT_CLASS = YES_ERROR;
				CLANG_WARN_QUOTED_INCLUDE_IN_FRAMEWORK_HEADER = YES;
				CLANG_WARN_RANGE_LOOP_ANALYSIS = YES;
				CLANG_WARN_STRICT_PROTOTYPES = YES;
				CLANG_WARN_SUSPICIOUS_MOVE = YES;
				CLANG_WARN_UNGUARDED_AVAILABILITY = YES_AGGRESSIVE;
				CLANG_WARN_UNREACHABLE_CODE = YES;
				CLANG_WARN__DUPLICATE_METHOD_MATCH = YES;
				COPY_PHASE_STRIP = NO;
				DEBUG_INFORMATION_FORMAT = dwarf;
				ENABLE_STRICT_OBJC_MSGSEND = YES;
				ENABLE_TESTABILITY = YES;
				GCC_C_LANGUAGE_STANDARD = gnu11;
				GCC_DYNAMIC_NO_PIC = NO;
				GCC_NO_COMMON_BLOCKS = YES;
				GCC_OPTIMIZATION_LEVEL = 0;
				GCC_PREPROCESSOR_DEFINITIONS = (
					"DEBUG=1",
					"$(inherited)",
				);
				GCC_WARN_64_TO_32_BIT_CONVERSION = YES;
				GCC_WARN_ABOUT_RETURN_TYPE = YES_ERROR;
				GCC_WARN_UNDECLARED_SELECTOR = YES;
				GCC_WARN_UNINITIALIZED_AUTOS = YES_AGGRESSIVE;
				GCC_WARN_UNUSED_FUNCTION = YES;
				GCC_WARN_UNUSED_VARIABLE = YES;
				IPHONEOS_DEPLOYMENT_TARGET = 16.2;
				MTL_ENABLE_DEBUG_INFO = INCLUDE_SOURCE;
				MTL_FAST_MATH = YES;
				ONLY_ACTIVE_ARCH = YES;
				SDKROOT = iphoneos;
				SWIFT_ACTIVE_COMPILATION_CONDITIONS = DEBUG;
				SWIFT_OPTIMIZATION_LEVEL = "-Onone";
			};
			name = Debug;
		};
		75127C9D298CCA6600F0FA0A /* Release */ = {
			isa = XCBuildConfiguration;
			buildSettings = {
				ALWAYS_SEARCH_USER_PATHS = NO;
				CLANG_ANALYZER_NONNULL = YES;
				CLANG_ANALYZER_NUMBER_OBJECT_CONVERSION = YES_AGGRESSIVE;
				CLANG_CXX_LANGUAGE_STANDARD = "gnu++20";
				CLANG_ENABLE_MODULES = YES;
				CLANG_ENABLE_OBJC_ARC = YES;
				CLANG_ENABLE_OBJC_WEAK = YES;
				CLANG_WARN_BLOCK_CAPTURE_AUTORELEASING = YES;
				CLANG_WARN_BOOL_CONVERSION = YES;
				CLANG_WARN_COMMA = YES;
				CLANG_WARN_CONSTANT_CONVERSION = YES;
				CLANG_WARN_DEPRECATED_OBJC_IMPLEMENTATIONS = YES;
				CLANG_WARN_DIRECT_OBJC_ISA_USAGE = YES_ERROR;
				CLANG_WARN_DOCUMENTATION_COMMENTS = YES;
				CLANG_WARN_EMPTY_BODY = YES;
				CLANG_WARN_ENUM_CONVERSION = YES;
				CLANG_WARN_INFINITE_RECURSION = YES;
				CLANG_WARN_INT_CONVERSION = YES;
				CLANG_WARN_NON_LITERAL_NULL_CONVERSION = YES;
				CLANG_WARN_OBJC_IMPLICIT_RETAIN_SELF = YES;
				CLANG_WARN_OBJC_LITERAL_CONVERSION = YES;
				CLANG_WARN_OBJC_ROOT_CLASS = YES_ERROR;
				CLANG_WARN_QUOTED_INCLUDE_IN_FRAMEWORK_HEADER = YES;
				CLANG_WARN_RANGE_LOOP_ANALYSIS = YES;
				CLANG_WARN_STRICT_PROTOTYPES = YES;
				CLANG_WARN_SUSPICIOUS_MOVE = YES;
				CLANG_WARN_UNGUARDED_AVAILABILITY = YES_AGGRESSIVE;
				CLANG_WARN_UNREACHABLE_CODE = YES;
				CLANG_WARN__DUPLICATE_METHOD_MATCH = YES;
				COPY_PHASE_STRIP = NO;
				DEBUG_INFORMATION_FORMAT = "dwarf-with-dsym";
				ENABLE_NS_ASSERTIONS = NO;
				ENABLE_STRICT_OBJC_MSGSEND = YES;
				GCC_C_LANGUAGE_STANDARD = gnu11;
				GCC_NO_COMMON_BLOCKS = YES;
				GCC_WARN_64_TO_32_BIT_CONVERSION = YES;
				GCC_WARN_ABOUT_RETURN_TYPE = YES_ERROR;
				GCC_WARN_UNDECLARED_SELECTOR = YES;
				GCC_WARN_UNINITIALIZED_AUTOS = YES_AGGRESSIVE;
				GCC_WARN_UNUSED_FUNCTION = YES;
				GCC_WARN_UNUSED_VARIABLE = YES;
				IPHONEOS_DEPLOYMENT_TARGET = 16.2;
				MTL_ENABLE_DEBUG_INFO = NO;
				MTL_FAST_MATH = YES;
				SDKROOT = iphoneos;
				SWIFT_COMPILATION_MODE = wholemodule;
				SWIFT_OPTIMIZATION_LEVEL = "-O";
				VALIDATE_PRODUCT = YES;
			};
			name = Release;
		};
		75127C9F298CCA6600F0FA0A /* Debug */ = {
			isa = XCBuildConfiguration;
			buildSettings = {
				ASSETCATALOG_COMPILER_APPICON_NAME = AppIcon;
				ASSETCATALOG_COMPILER_GLOBAL_ACCENT_COLOR_NAME = AccentColor;
				CODE_SIGN_STYLE = Automatic;
				CURRENT_PROJECT_VERSION = 1;
				DEVELOPMENT_ASSET_PATHS = "\"MiniMix/Preview Content\"";
				DEVELOPMENT_TEAM = GD2GXKLHLS;
				ENABLE_PREVIEWS = YES;
				GENERATE_INFOPLIST_FILE = YES;
				INFOPLIST_FILE = MiniMix/Info.plist;
				INFOPLIST_KEY_LSApplicationCategoryType = "public.app-category.music";
				INFOPLIST_KEY_NSAppleMusicUsageDescription = "Enables app to fetch extra song information";
				INFOPLIST_KEY_NSMicrophoneUsageDescription = "Audio capture enables song identification";
				INFOPLIST_KEY_UIApplicationSceneManifest_Generation = YES;
				INFOPLIST_KEY_UIApplicationSupportsIndirectInputEvents = YES;
				INFOPLIST_KEY_UILaunchScreen_Generation = YES;
				INFOPLIST_KEY_UISupportedInterfaceOrientations = UIInterfaceOrientationPortrait;
				INFOPLIST_KEY_UISupportedInterfaceOrientations_iPad = "UIInterfaceOrientationLandscapeLeft UIInterfaceOrientationLandscapeRight UIInterfaceOrientationPortrait UIInterfaceOrientationPortraitUpsideDown";
				IPHONEOS_DEPLOYMENT_TARGET = 16.0;
				LD_RUNPATH_SEARCH_PATHS = (
					"$(inherited)",
					"@executable_path/Frameworks",
				);
				MARKETING_VERSION = 1.0;
				PRODUCT_BUNDLE_IDENTIFIER = com.borrellfernando.MiniMix;
				PRODUCT_NAME = "$(TARGET_NAME)";
				SWIFT_EMIT_LOC_STRINGS = YES;
				SWIFT_VERSION = 5.0;
				TARGETED_DEVICE_FAMILY = "1,2";
			};
			name = Debug;
		};
		75127CA0298CCA6600F0FA0A /* Release */ = {
			isa = XCBuildConfiguration;
			buildSettings = {
				ASSETCATALOG_COMPILER_APPICON_NAME = AppIcon;
				ASSETCATALOG_COMPILER_GLOBAL_ACCENT_COLOR_NAME = AccentColor;
				CODE_SIGN_STYLE = Automatic;
				CURRENT_PROJECT_VERSION = 1;
				DEVELOPMENT_ASSET_PATHS = "\"MiniMix/Preview Content\"";
				DEVELOPMENT_TEAM = GD2GXKLHLS;
				ENABLE_PREVIEWS = YES;
				GENERATE_INFOPLIST_FILE = YES;
				INFOPLIST_FILE = MiniMix/Info.plist;
				INFOPLIST_KEY_LSApplicationCategoryType = "public.app-category.music";
				INFOPLIST_KEY_NSAppleMusicUsageDescription = "Enables app to fetch extra song information";
				INFOPLIST_KEY_NSMicrophoneUsageDescription = "Audio capture enables song identification";
				INFOPLIST_KEY_UIApplicationSceneManifest_Generation = YES;
				INFOPLIST_KEY_UIApplicationSupportsIndirectInputEvents = YES;
				INFOPLIST_KEY_UILaunchScreen_Generation = YES;
				INFOPLIST_KEY_UISupportedInterfaceOrientations = UIInterfaceOrientationPortrait;
				INFOPLIST_KEY_UISupportedInterfaceOrientations_iPad = "UIInterfaceOrientationLandscapeLeft UIInterfaceOrientationLandscapeRight UIInterfaceOrientationPortrait UIInterfaceOrientationPortraitUpsideDown";
				IPHONEOS_DEPLOYMENT_TARGET = 16.0;
				LD_RUNPATH_SEARCH_PATHS = (
					"$(inherited)",
					"@executable_path/Frameworks",
				);
				MARKETING_VERSION = 1.0;
				PRODUCT_BUNDLE_IDENTIFIER = com.borrellfernando.MiniMix;
				PRODUCT_NAME = "$(TARGET_NAME)";
				SWIFT_EMIT_LOC_STRINGS = YES;
				SWIFT_VERSION = 5.0;
				TARGETED_DEVICE_FAMILY = "1,2";
			};
			name = Release;
		};
		75127CA2298CCA6600F0FA0A /* Debug */ = {
			isa = XCBuildConfiguration;
			buildSettings = {
				ALWAYS_EMBED_SWIFT_STANDARD_LIBRARIES = YES;
				BUNDLE_LOADER = "$(TEST_HOST)";
				CODE_SIGN_STYLE = Automatic;
				CURRENT_PROJECT_VERSION = 1;
				DEVELOPMENT_TEAM = CYHXB2CDW7;
				GENERATE_INFOPLIST_FILE = YES;
				IPHONEOS_DEPLOYMENT_TARGET = 16.2;
				MARKETING_VERSION = 1.0;
				PRODUCT_BUNDLE_IDENTIFIER = com.fernandoborrell.MiniMixTests;
				PRODUCT_NAME = "$(TARGET_NAME)";
				SWIFT_EMIT_LOC_STRINGS = NO;
				SWIFT_VERSION = 5.0;
				TARGETED_DEVICE_FAMILY = "1,2";
				TEST_HOST = "$(BUILT_PRODUCTS_DIR)/MiniMix.app/$(BUNDLE_EXECUTABLE_FOLDER_PATH)/MiniMix";
			};
			name = Debug;
		};
		75127CA3298CCA6600F0FA0A /* Release */ = {
			isa = XCBuildConfiguration;
			buildSettings = {
				ALWAYS_EMBED_SWIFT_STANDARD_LIBRARIES = YES;
				BUNDLE_LOADER = "$(TEST_HOST)";
				CODE_SIGN_STYLE = Automatic;
				CURRENT_PROJECT_VERSION = 1;
				DEVELOPMENT_TEAM = CYHXB2CDW7;
				GENERATE_INFOPLIST_FILE = YES;
				IPHONEOS_DEPLOYMENT_TARGET = 16.2;
				MARKETING_VERSION = 1.0;
				PRODUCT_BUNDLE_IDENTIFIER = com.fernandoborrell.MiniMixTests;
				PRODUCT_NAME = "$(TARGET_NAME)";
				SWIFT_EMIT_LOC_STRINGS = NO;
				SWIFT_VERSION = 5.0;
				TARGETED_DEVICE_FAMILY = "1,2";
				TEST_HOST = "$(BUILT_PRODUCTS_DIR)/MiniMix.app/$(BUNDLE_EXECUTABLE_FOLDER_PATH)/MiniMix";
			};
			name = Release;
		};
		75127CA5298CCA6600F0FA0A /* Debug */ = {
			isa = XCBuildConfiguration;
			buildSettings = {
				ALWAYS_EMBED_SWIFT_STANDARD_LIBRARIES = YES;
				CODE_SIGN_STYLE = Automatic;
				CURRENT_PROJECT_VERSION = 1;
				DEVELOPMENT_TEAM = CYHXB2CDW7;
				GENERATE_INFOPLIST_FILE = YES;
				MARKETING_VERSION = 1.0;
				PRODUCT_BUNDLE_IDENTIFIER = com.fernandoborrell.MiniMixUITests;
				PRODUCT_NAME = "$(TARGET_NAME)";
				SWIFT_EMIT_LOC_STRINGS = NO;
				SWIFT_VERSION = 5.0;
				TARGETED_DEVICE_FAMILY = "1,2";
				TEST_TARGET_NAME = MiniMix;
			};
			name = Debug;
		};
		75127CA6298CCA6600F0FA0A /* Release */ = {
			isa = XCBuildConfiguration;
			buildSettings = {
				ALWAYS_EMBED_SWIFT_STANDARD_LIBRARIES = YES;
				CODE_SIGN_STYLE = Automatic;
				CURRENT_PROJECT_VERSION = 1;
				DEVELOPMENT_TEAM = CYHXB2CDW7;
				GENERATE_INFOPLIST_FILE = YES;
				MARKETING_VERSION = 1.0;
				PRODUCT_BUNDLE_IDENTIFIER = com.fernandoborrell.MiniMixUITests;
				PRODUCT_NAME = "$(TARGET_NAME)";
				SWIFT_EMIT_LOC_STRINGS = NO;
				SWIFT_VERSION = 5.0;
				TARGETED_DEVICE_FAMILY = "1,2";
				TEST_TARGET_NAME = MiniMix;
			};
			name = Release;
		};
/* End XCBuildConfiguration section */

/* Begin XCConfigurationList section */
		75127C75298CCA6500F0FA0A /* Build configuration list for PBXProject "MiniMix" */ = {
			isa = XCConfigurationList;
			buildConfigurations = (
				75127C9C298CCA6600F0FA0A /* Debug */,
				75127C9D298CCA6600F0FA0A /* Release */,
			);
			defaultConfigurationIsVisible = 0;
			defaultConfigurationName = Release;
		};
		75127C9E298CCA6600F0FA0A /* Build configuration list for PBXNativeTarget "MiniMix" */ = {
			isa = XCConfigurationList;
			buildConfigurations = (
				75127C9F298CCA6600F0FA0A /* Debug */,
				75127CA0298CCA6600F0FA0A /* Release */,
			);
			defaultConfigurationIsVisible = 0;
			defaultConfigurationName = Release;
		};
		75127CA1298CCA6600F0FA0A /* Build configuration list for PBXNativeTarget "MiniMixTests" */ = {
			isa = XCConfigurationList;
			buildConfigurations = (
				75127CA2298CCA6600F0FA0A /* Debug */,
				75127CA3298CCA6600F0FA0A /* Release */,
			);
			defaultConfigurationIsVisible = 0;
			defaultConfigurationName = Release;
		};
		75127CA4298CCA6600F0FA0A /* Build configuration list for PBXNativeTarget "MiniMixUITests" */ = {
			isa = XCConfigurationList;
			buildConfigurations = (
				75127CA5298CCA6600F0FA0A /* Debug */,
				75127CA6298CCA6600F0FA0A /* Release */,
			);
			defaultConfigurationIsVisible = 0;
			defaultConfigurationName = Release;
		};
/* End XCConfigurationList section */
	};
	rootObject = 75127C72298CCA6500F0FA0A /* Project object */;
}
